dependencies:
- name: akhq
  repository: https://akhq.io/
  version: 0.24.0
- name: stream-processors
  repository: https://miracum.github.io/charts
  version: 1.1.10
- name: hapi-fhir-jpaserver
  repository: https://hapifhir.github.io/hapi-fhir-jpaserver-starter
  version: 0.12.0
- name: fhir-gateway
  repository: https://miracum.github.io/charts
  version: 6.0.12
digest: sha256:c11f97a60925fb4cee743f5548a6619e0023b506c31ad23f5d137f7e49f37689
generated: "2023-07-04T19:18:37.34275777Z"
