dependencies:
- name: akhq
  repository: https://akhq.io/
  version: 0.26.0
- name: stream-processors
  repository: https://miracum.github.io/charts
  version: 1.11.4
- name: hapi-fhir-jpaserver
  repository: https://hapifhir.github.io/hapi-fhir-jpaserver-starter
  version: 0.22.0
- name: fhir-gateway
  repository: https://miracum.github.io/charts
  version: 10.0.20
digest: sha256:30b1a2acabdf7c8ab3b39977ca668e4ccefb95ccc406f4c53f2836c11de3e7a6
generated: "2026-04-05T09:20:53.625556137Z"
