dependencies:
- name: akhq
  repository: https://akhq.io/
  version: 0.26.0
- name: stream-processors
  repository: https://miracum.github.io/charts
  version: 1.11.2
- name: hapi-fhir-jpaserver
  repository: https://hapifhir.github.io/hapi-fhir-jpaserver-starter
  version: 0.21.0
- name: fhir-gateway
  repository: https://miracum.github.io/charts
  version: 9.0.23
digest: sha256:35e066d8db9fb48ec869d92cc266db57dcf6d60815f7ba8f03892a307b17a24c
generated: "2025-10-31T16:35:10.670345067Z"
